
Microsoft Visual Studio Solution File, Format Version 12.00
# Visual Studio Version 17
VisualStudioVersion = 17.3.32922.545
MinimumVisualStudioVersion = 10.0.40219.1
Project("{FAE04EC0-301F-11D3-BF4B-00C04F79EFBC}") = "HRMS", "HRMS\HRMS.csproj", "{45337F56-CD18-44E3-BC2A-76E6DEDFE4F1}"
EndProject
Global
	GlobalSection(SolutionConfigurationPlatforms) = preSolution
		Debug|Any CPU = Debug|Any CPU
		Release|Any CPU = Release|Any CPU
	EndGlobalSection
	GlobalSection(ProjectConfigurationPlatforms) = postSolution
		{45337F56-CD18-44E3-BC2A-76E6DEDFE4F1}.Debug|Any CPU.ActiveCfg = Debug|Any CPU
		{45337F56-CD18-44E3-BC2A-76E6DEDFE4F1}.Debug|Any CPU.Build.0 = Debug|Any CPU
		{45337F56-CD18-44E3-BC2A-76E6DEDFE4F1}.Release|Any CPU.ActiveCfg = Release|Any CPU
		{45337F56-CD18-44E3-BC2A-76E6DEDFE4F1}.Release|Any CPU.Build.0 = Release|Any CPU
	EndGlobalSection
	GlobalSection(SolutionProperties) = preSolution
		HideSolutionNode = FALSE
	EndGlobalSection
	GlobalSection(ExtensibilityGlobals) = postSolution
		SolutionGuid = {662DF736-400E-4105-BF2F-9C94DB609069}
	EndGlobalSection
EndGlobal
